
Microsoft Visual Studio Solution File, Format Version 12.00
# Visual Studio Version 16
VisualStudioVersion = 16.0.29102.190
MinimumVisualStudioVersion = 10.0.40219.1
Project("{FAE04EC0-301F-11D3-BF4B-00C04F79EFBC}") = "CafeSolution.console", "CafeSolution.console\CafeSolution.console.csproj", "{34C47784-BCE9-45C7-9381-3FDE81D3B4CE}"
EndProject
Project("{FAE04EC0-301F-11D3-BF4B-00C04F79EFBC}") = "CafeSolution.Classes", "CafeSolution.Classes\CafeSolution.Classes.csproj", "{415D0A8B-A20E-4A4F-A9E6-ACF665C62505}"
EndProject
Project("{FAE04EC0-301F-11D3-BF4B-00C04F79EFBC}") = "CafeSolution.Test", "CafeSolution.Test\CafeSolution.Test.csproj", "{386A25A0-A6BD-47AF-87A3-8F5A822B0D3E}"
EndProject
Global
	GlobalSection(SolutionConfigurationPlatforms) = preSolution
		Debug|Any CPU = Debug|Any CPU
		Release|Any CPU = Release|Any CPU
	EndGlobalSection
	GlobalSection(ProjectConfigurationPlatforms) = postSolution
		{34C47784-BCE9-45C7-9381-3FDE81D3B4CE}.Debug|Any CPU.ActiveCfg = Debug|Any CPU
		{34C47784-BCE9-45C7-9381-3FDE81D3B4CE}.Debug|Any CPU.Build.0 = Debug|Any CPU
		{34C47784-BCE9-45C7-9381-3FDE81D3B4CE}.Release|Any CPU.ActiveCfg = Release|Any CPU
		{34C47784-BCE9-45C7-9381-3FDE81D3B4CE}.Release|Any CPU.Build.0 = Release|Any CPU
		{415D0A8B-A20E-4A4F-A9E6-ACF665C62505}.Debug|Any CPU.ActiveCfg = Debug|Any CPU
		{415D0A8B-A20E-4A4F-A9E6-ACF665C62505}.Debug|Any CPU.Build.0 = Debug|Any CPU
		{415D0A8B-A20E-4A4F-A9E6-ACF665C62505}.Release|Any CPU.ActiveCfg = Release|Any CPU
		{415D0A8B-A20E-4A4F-A9E6-ACF665C62505}.Release|Any CPU.Build.0 = Release|Any CPU
		{386A25A0-A6BD-47AF-87A3-8F5A822B0D3E}.Debug|Any CPU.ActiveCfg = Debug|Any CPU
		{386A25A0-A6BD-47AF-87A3-8F5A822B0D3E}.Debug|Any CPU.Build.0 = Debug|Any CPU
		{386A25A0-A6BD-47AF-87A3-8F5A822B0D3E}.Release|Any CPU.ActiveCfg = Release|Any CPU
		{386A25A0-A6BD-47AF-87A3-8F5A822B0D3E}.Release|Any CPU.Build.0 = Release|Any CPU
	EndGlobalSection
	GlobalSection(SolutionProperties) = preSolution
		HideSolutionNode = FALSE
	EndGlobalSection
	GlobalSection(ExtensibilityGlobals) = postSolution
		SolutionGuid = {30249EB4-AB18-4A48-BF3E-6E71BD658D6C}
	EndGlobalSection
EndGlobal
